
Microsoft Visual Studio Solution File, Format Version 12.00
# Visual Studio Version 16
VisualStudioVersion = 16.0.28803.202
MinimumVisualStudioVersion = 10.0.40219.1
Project("{9A19103F-16F7-4668-BE54-9A1E7A4F7556}") = "tourneybracket", "tourneybracket.csproj", "{7147C187-B4CB-4CF5-BE51-22E58E279B9E}"
EndProject
Global
	GlobalSection(SolutionConfigurationPlatforms) = preSolution
		Debug|Any CPU = Debug|Any CPU
		Release|Any CPU = Release|Any CPU
	EndGlobalSection
	GlobalSection(ProjectConfigurationPlatforms) = postSolution
		{7147C187-B4CB-4CF5-BE51-22E58E279B9E}.Debug|Any CPU.ActiveCfg = Debug|Any CPU
		{7147C187-B4CB-4CF5-BE51-22E58E279B9E}.Debug|Any CPU.Build.0 = Debug|Any CPU
		{7147C187-B4CB-4CF5-BE51-22E58E279B9E}.Release|Any CPU.ActiveCfg = Release|Any CPU
		{7147C187-B4CB-4CF5-BE51-22E58E279B9E}.Release|Any CPU.Build.0 = Release|Any CPU
	EndGlobalSection
	GlobalSection(SolutionProperties) = preSolution
		HideSolutionNode = FALSE
	EndGlobalSection
	GlobalSection(ExtensibilityGlobals) = postSolution
		SolutionGuid = {F06CD3DF-572A-405B-B3C4-17104AB464BB}
	EndGlobalSection
EndGlobal
